
Microsoft Visual Studio Solution File, Format Version 12.00
# Visual Studio Version 17
VisualStudioVersion = 17.0.31912.275
MinimumVisualStudioVersion = 10.0.40219.1
Project("{FAE04EC0-301F-11D3-BF4B-00C04F79EFBC}") = "UserCreator", "UserCreator\UserCreator.csproj", "{D31263F5-395D-4103-B59A-BA79DBC74A0D}"
EndProject
Project("{FAE04EC0-301F-11D3-BF4B-00C04F79EFBC}") = "UserCreator.Tests", "UserCreator.Tests\UserCreator.Tests.csproj", "{1484D7D8-A091-4388-A07C-FF71C88AA1E2}"
EndProject
Global
	GlobalSection(SolutionConfigurationPlatforms) = preSolution
		Debug|Any CPU = Debug|Any CPU
		Release|Any CPU = Release|Any CPU
	EndGlobalSection
	GlobalSection(ProjectConfigurationPlatforms) = postSolution
		{D31263F5-395D-4103-B59A-BA79DBC74A0D}.Debug|Any CPU.ActiveCfg = Debug|Any CPU
		{D31263F5-395D-4103-B59A-BA79DBC74A0D}.Debug|Any CPU.Build.0 = Debug|Any CPU
		{D31263F5-395D-4103-B59A-BA79DBC74A0D}.Release|Any CPU.ActiveCfg = Release|Any CPU
		{D31263F5-395D-4103-B59A-BA79DBC74A0D}.Release|Any CPU.Build.0 = Release|Any CPU
		{1484D7D8-A091-4388-A07C-FF71C88AA1E2}.Debug|Any CPU.ActiveCfg = Debug|Any CPU
		{1484D7D8-A091-4388-A07C-FF71C88AA1E2}.Debug|Any CPU.Build.0 = Debug|Any CPU
		{1484D7D8-A091-4388-A07C-FF71C88AA1E2}.Release|Any CPU.ActiveCfg = Release|Any CPU
		{1484D7D8-A091-4388-A07C-FF71C88AA1E2}.Release|Any CPU.Build.0 = Release|Any CPU
	EndGlobalSection
	GlobalSection(SolutionProperties) = preSolution
		HideSolutionNode = FALSE
	EndGlobalSection
	GlobalSection(ExtensibilityGlobals) = postSolution
		SolutionGuid = {D70AB01C-E066-40AB-94EB-3916AA918D9B}
	EndGlobalSection
EndGlobal
